
Microsoft Visual Studio Solution File, Format Version 12.00
Project("{FAE04EC0-301F-11D3-BF4B-00C04F79EFBC}") = "WLED-SDK", "WLED-SDK\WLED-SDK.csproj", "{4F41CE10-FE31-4AAE-B947-801A7829B2CF}"
EndProject
Project("{FAE04EC0-301F-11D3-BF4B-00C04F79EFBC}") = "Example.ConsoleApp", "Example.ConsoleApp\Example.ConsoleApp.csproj", "{C7E71B93-9C95-476B-86A5-7D72978684A4}"
EndProject
Project("{FAE04EC0-301F-11D3-BF4B-00C04F79EFBC}") = "Example.Discoverer", "Example.Discoverer\Example.Discoverer.csproj", "{43C821BC-60CD-4861-AD7F-6BD8B79433D2}"
EndProject
Global
	GlobalSection(SolutionConfigurationPlatforms) = preSolution
		Debug|Any CPU = Debug|Any CPU
		Release|Any CPU = Release|Any CPU
	EndGlobalSection
	GlobalSection(ProjectConfigurationPlatforms) = postSolution
		{4F41CE10-FE31-4AAE-B947-801A7829B2CF}.Debug|Any CPU.ActiveCfg = Debug|Any CPU
		{4F41CE10-FE31-4AAE-B947-801A7829B2CF}.Debug|Any CPU.Build.0 = Debug|Any CPU
		{4F41CE10-FE31-4AAE-B947-801A7829B2CF}.Release|Any CPU.ActiveCfg = Release|Any CPU
		{4F41CE10-FE31-4AAE-B947-801A7829B2CF}.Release|Any CPU.Build.0 = Release|Any CPU
		{C7E71B93-9C95-476B-86A5-7D72978684A4}.Debug|Any CPU.ActiveCfg = Debug|Any CPU
		{C7E71B93-9C95-476B-86A5-7D72978684A4}.Debug|Any CPU.Build.0 = Debug|Any CPU
		{C7E71B93-9C95-476B-86A5-7D72978684A4}.Release|Any CPU.ActiveCfg = Release|Any CPU
		{C7E71B93-9C95-476B-86A5-7D72978684A4}.Release|Any CPU.Build.0 = Release|Any CPU
		{43C821BC-60CD-4861-AD7F-6BD8B79433D2}.Debug|Any CPU.ActiveCfg = Debug|Any CPU
		{43C821BC-60CD-4861-AD7F-6BD8B79433D2}.Debug|Any CPU.Build.0 = Debug|Any CPU
		{43C821BC-60CD-4861-AD7F-6BD8B79433D2}.Release|Any CPU.ActiveCfg = Release|Any CPU
		{43C821BC-60CD-4861-AD7F-6BD8B79433D2}.Release|Any CPU.Build.0 = Release|Any CPU
	EndGlobalSection
EndGlobal
