
Microsoft Visual Studio Solution File, Format Version 12.00
Project("{FAE04EC0-301F-11D3-BF4B-00C04F79EFBC}") = "WLED-SDK.Core", "WLED-SDK.Core\WLED-SDK.Core.csproj", "{4F41CE10-FE31-4AAE-B947-801A7829B2CF}"
EndProject
Project("{FAE04EC0-301F-11D3-BF4B-00C04F79EFBC}") = "WLED-SDK.Examples.ConsoleApp", "WLED-SDK.Examples.ConsoleApp\WLED-SDK.Examples.ConsoleApp.csproj", "{C7E71B93-9C95-476B-86A5-7D72978684A4}"
EndProject
Project("{FAE04EC0-301F-11D3-BF4B-00C04F79EFBC}") = "WLED-SDK.Examples.Discoverer", "WLED-SDK.Examples.Discoverer\WLED-SDK.Examples.Discoverer.csproj", "{43C821BC-60CD-4861-AD7F-6BD8B79433D2}"
EndProject
Project("{FAE04EC0-301F-11D3-BF4B-00C04F79EFBC}") = "WLED-SDK.Extensions", "WLED-SDK.Extensions\WLED-SDK.Extensions.csproj", "{ADC5734B-8C16-499F-87CF-0A23EFBC9445}"
EndProject
Project("{FAE04EC0-301F-11D3-BF4B-00C04F79EFBC}") = "WLED-SDK.Client.WebSocket", "WLED-SDK.Client.WebSocket\WLED-SDK.Client.WebSocket.csproj", "{233212B1-1806-4E0D-B56A-FBF1FB2D3CC9}"
EndProject
Project("{FAE04EC0-301F-11D3-BF4B-00C04F79EFBC}") = "WLED-SDK.Builders", "WLED-SDK.Builders\WLED-SDK.Builders.csproj", "{E24BF38A-FA48-464D-8206-760B7FB0BA44}"
EndProject
Project("{FAE04EC0-301F-11D3-BF4B-00C04F79EFBC}") = "WLED-SDK.Discoverer", "WLED-SDK.Discoverer\WLED-SDK.Discoverer.csproj", "{F0F484B0-8832-4521-957C-D7E4ECB503A1}"
EndProject
Project("{2150E333-8FDC-42A3-9474-1A3956D46DE8}") = "Examples", "Examples", "{E8DAC794-76C6-4D7A-B2F3-1C4FD3CAB220}"
EndProject
Global
	GlobalSection(SolutionConfigurationPlatforms) = preSolution
		Debug|Any CPU = Debug|Any CPU
		Release|Any CPU = Release|Any CPU
	EndGlobalSection
	GlobalSection(ProjectConfigurationPlatforms) = postSolution
		{4F41CE10-FE31-4AAE-B947-801A7829B2CF}.Debug|Any CPU.ActiveCfg = Debug|Any CPU
		{4F41CE10-FE31-4AAE-B947-801A7829B2CF}.Debug|Any CPU.Build.0 = Debug|Any CPU
		{4F41CE10-FE31-4AAE-B947-801A7829B2CF}.Release|Any CPU.ActiveCfg = Release|Any CPU
		{4F41CE10-FE31-4AAE-B947-801A7829B2CF}.Release|Any CPU.Build.0 = Release|Any CPU
		{C7E71B93-9C95-476B-86A5-7D72978684A4}.Debug|Any CPU.ActiveCfg = Debug|Any CPU
		{C7E71B93-9C95-476B-86A5-7D72978684A4}.Debug|Any CPU.Build.0 = Debug|Any CPU
		{C7E71B93-9C95-476B-86A5-7D72978684A4}.Release|Any CPU.ActiveCfg = Release|Any CPU
		{C7E71B93-9C95-476B-86A5-7D72978684A4}.Release|Any CPU.Build.0 = Release|Any CPU
		{43C821BC-60CD-4861-AD7F-6BD8B79433D2}.Debug|Any CPU.ActiveCfg = Debug|Any CPU
		{43C821BC-60CD-4861-AD7F-6BD8B79433D2}.Debug|Any CPU.Build.0 = Debug|Any CPU
		{43C821BC-60CD-4861-AD7F-6BD8B79433D2}.Release|Any CPU.ActiveCfg = Release|Any CPU
		{43C821BC-60CD-4861-AD7F-6BD8B79433D2}.Release|Any CPU.Build.0 = Release|Any CPU
		{ADC5734B-8C16-499F-87CF-0A23EFBC9445}.Debug|Any CPU.ActiveCfg = Debug|Any CPU
		{ADC5734B-8C16-499F-87CF-0A23EFBC9445}.Debug|Any CPU.Build.0 = Debug|Any CPU
		{ADC5734B-8C16-499F-87CF-0A23EFBC9445}.Release|Any CPU.ActiveCfg = Release|Any CPU
		{ADC5734B-8C16-499F-87CF-0A23EFBC9445}.Release|Any CPU.Build.0 = Release|Any CPU
		{233212B1-1806-4E0D-B56A-FBF1FB2D3CC9}.Debug|Any CPU.ActiveCfg = Debug|Any CPU
		{233212B1-1806-4E0D-B56A-FBF1FB2D3CC9}.Debug|Any CPU.Build.0 = Debug|Any CPU
		{233212B1-1806-4E0D-B56A-FBF1FB2D3CC9}.Release|Any CPU.ActiveCfg = Release|Any CPU
		{233212B1-1806-4E0D-B56A-FBF1FB2D3CC9}.Release|Any CPU.Build.0 = Release|Any CPU
		{E24BF38A-FA48-464D-8206-760B7FB0BA44}.Debug|Any CPU.ActiveCfg = Debug|Any CPU
		{E24BF38A-FA48-464D-8206-760B7FB0BA44}.Debug|Any CPU.Build.0 = Debug|Any CPU
		{E24BF38A-FA48-464D-8206-760B7FB0BA44}.Release|Any CPU.ActiveCfg = Release|Any CPU
		{E24BF38A-FA48-464D-8206-760B7FB0BA44}.Release|Any CPU.Build.0 = Release|Any CPU
		{F0F484B0-8832-4521-957C-D7E4ECB503A1}.Debug|Any CPU.ActiveCfg = Debug|Any CPU
		{F0F484B0-8832-4521-957C-D7E4ECB503A1}.Debug|Any CPU.Build.0 = Debug|Any CPU
		{F0F484B0-8832-4521-957C-D7E4ECB503A1}.Release|Any CPU.ActiveCfg = Release|Any CPU
		{F0F484B0-8832-4521-957C-D7E4ECB503A1}.Release|Any CPU.Build.0 = Release|Any CPU
	EndGlobalSection
	GlobalSection(NestedProjects) = preSolution
		{C7E71B93-9C95-476B-86A5-7D72978684A4} = {E8DAC794-76C6-4D7A-B2F3-1C4FD3CAB220}
		{43C821BC-60CD-4861-AD7F-6BD8B79433D2} = {E8DAC794-76C6-4D7A-B2F3-1C4FD3CAB220}
	EndGlobalSection
EndGlobal
